
Microsoft Visual Studio Solution File, Format Version 12.00
# Visual Studio Version 16
VisualStudioVersion = 16.0.28803.452
MinimumVisualStudioVersion = 10.0.40219.1
Project("{FAE04EC0-301F-11D3-BF4B-00C04F79EFBC}") = "MVC05_TagHelper", "MVC05_TagHelper\MVC05_TagHelper.csproj", "{F40D30BF-38A2-4114-AB52-AAEE93C92EE3}"
EndProject
Project("{FAE04EC0-301F-11D3-BF4B-00C04F79EFBC}") = "Models", "Models\Models.csproj", "{C8CF8889-059D-4408-A920-84759D5D320F}"
EndProject
Global
	GlobalSection(SolutionConfigurationPlatforms) = preSolution
		Debug|Any CPU = Debug|Any CPU
		Release|Any CPU = Release|Any CPU
	EndGlobalSection
	GlobalSection(ProjectConfigurationPlatforms) = postSolution
		{F40D30BF-38A2-4114-AB52-AAEE93C92EE3}.Debug|Any CPU.ActiveCfg = Debug|Any CPU
		{F40D30BF-38A2-4114-AB52-AAEE93C92EE3}.Debug|Any CPU.Build.0 = Debug|Any CPU
		{F40D30BF-38A2-4114-AB52-AAEE93C92EE3}.Release|Any CPU.ActiveCfg = Release|Any CPU
		{F40D30BF-38A2-4114-AB52-AAEE93C92EE3}.Release|Any CPU.Build.0 = Release|Any CPU
		{C8CF8889-059D-4408-A920-84759D5D320F}.Debug|Any CPU.ActiveCfg = Debug|Any CPU
		{C8CF8889-059D-4408-A920-84759D5D320F}.Debug|Any CPU.Build.0 = Debug|Any CPU
		{C8CF8889-059D-4408-A920-84759D5D320F}.Release|Any CPU.ActiveCfg = Release|Any CPU
		{C8CF8889-059D-4408-A920-84759D5D320F}.Release|Any CPU.Build.0 = Release|Any CPU
	EndGlobalSection
	GlobalSection(SolutionProperties) = preSolution
		HideSolutionNode = FALSE
	EndGlobalSection
	GlobalSection(ExtensibilityGlobals) = postSolution
		SolutionGuid = {A0A8CB98-6458-44E0-86B6-E074EE1658BE}
	EndGlobalSection
EndGlobal
